
Microsoft Visual Studio Solution File, Format Version 12.00
# Visual Studio Version 17
VisualStudioVersion = 17.3.32922.545
MinimumVisualStudioVersion = 10.0.40219.1
Project("{9A19103F-16F7-4668-BE54-9A1E7A4F7556}") = "TreasureMap", "TreasureMap.csproj", "{97CFACC0-9F1E-4137-B456-5D658D10F86C}"
EndProject
Project("{FAE04EC0-301F-11D3-BF4B-00C04F79EFBC}") = "UnitTest", "..\UnitTest\UnitTest.csproj", "{1E99C6F5-EC17-40DA-8C05-699B37B1B14B}"
EndProject
Global
	GlobalSection(SolutionConfigurationPlatforms) = preSolution
		Debug|Any CPU = Debug|Any CPU
		Release|Any CPU = Release|Any CPU
	EndGlobalSection
	GlobalSection(ProjectConfigurationPlatforms) = postSolution
		{97CFACC0-9F1E-4137-B456-5D658D10F86C}.Debug|Any CPU.ActiveCfg = Debug|Any CPU
		{97CFACC0-9F1E-4137-B456-5D658D10F86C}.Debug|Any CPU.Build.0 = Debug|Any CPU
		{97CFACC0-9F1E-4137-B456-5D658D10F86C}.Release|Any CPU.ActiveCfg = Release|Any CPU
		{97CFACC0-9F1E-4137-B456-5D658D10F86C}.Release|Any CPU.Build.0 = Release|Any CPU
		{1E99C6F5-EC17-40DA-8C05-699B37B1B14B}.Debug|Any CPU.ActiveCfg = Debug|Any CPU
		{1E99C6F5-EC17-40DA-8C05-699B37B1B14B}.Debug|Any CPU.Build.0 = Debug|Any CPU
		{1E99C6F5-EC17-40DA-8C05-699B37B1B14B}.Release|Any CPU.ActiveCfg = Release|Any CPU
		{1E99C6F5-EC17-40DA-8C05-699B37B1B14B}.Release|Any CPU.Build.0 = Release|Any CPU
	EndGlobalSection
	GlobalSection(SolutionProperties) = preSolution
		HideSolutionNode = FALSE
	EndGlobalSection
	GlobalSection(ExtensibilityGlobals) = postSolution
		SolutionGuid = {B7A4F59B-AD03-4320-92DD-65F1BEA13DC4}
	EndGlobalSection
EndGlobal
